// !$*UTF8*$!
{
	archiveVersion = 1;
	classes = {
	};
	objectVersion = 46;
	objects = {

/* Begin PBXBuildFile section */
		632329C61AB0832900FFF85E /* main.m in Sources */ = {isa = PBXBuildFile; fileRef = 632329C51AB0832900FFF85E /* main.m */; };
		632329C91AB0832900FFF85E /* AppDelegate.m in Sources */ = {isa = PBXBuildFile; fileRef = 632329C81AB0832900FFF85E /* AppDelegate.m */; };
		632329CC1AB0832900FFF85E /* ViewController.m in Sources */ = {isa = PBXBuildFile; fileRef = 632329CB1AB0832900FFF85E /* ViewController.m */; };
		632329CF1AB0832900FFF85E /* Main.storyboard in Resources */ = {isa = PBXBuildFile; fileRef = 632329CD1AB0832900FFF85E /* Main.storyboard */; };
		632329D11AB0832900FFF85E /* Images.xcassets in Resources */ = {isa = PBXBuildFile; fileRef = 632329D01AB0832900FFF85E /* Images.xcassets */; };
		632329D41AB0832900FFF85E /* LaunchScreen.xib in Resources */ = {isa = PBXBuildFile; fileRef = 632329D21AB0832900FFF85E /* LaunchScreen.xib */; };
		632329E01AB0832900FFF85E /* UMComMutiStyleTextViewDemoTests.m in Sources */ = {isa = PBXBuildFile; fileRef = 632329DF1AB0832900FFF85E /* UMComMutiStyleTextViewDemoTests.m */; };
		632329EB1AB083D800FFF85E /* UMComMutiStyleTextView.m in Sources */ = {isa = PBXBuildFile; fileRef = 632329EA1AB083D800FFF85E /* UMComMutiStyleTextView.m */; };
		6376834A1AB1310E00FD1F34 /* UMComMutiTextRun.m in Sources */ = {isa = PBXBuildFile; fileRef = 637683491AB1310E00FD1F34 /* UMComMutiTextRun.m */; };
/* End PBXBuildFile section */

/* Begin PBXContainerItemProxy section */
		632329DA1AB0832900FFF85E /* PBXContainerItemProxy */ = {
			isa = PBXContainerItemProxy;
			containerPortal = 632329B81AB0832900FFF85E /* Project object */;
			proxyType = 1;
			remoteGlobalIDString = 632329BF1AB0832900FFF85E;
			remoteInfo = UMComMutiStyleTextViewDemo;
		};
/* End PBXContainerItemProxy section */

/* Begin PBXFileReference section */
		632329C01AB0832900FFF85E /* UMComMutiStyleTextViewDemo.app */ = {isa = PBXFileReference; explicitFileType = wrapper.application; includeInIndex = 0; path = UMComMutiStyleTextViewDemo.app; sourceTree = BUILT_PRODUCTS_DIR; };
		632329C41AB0832900FFF85E /* Info.plist */ = {isa = PBXFileReference; lastKnownFileType = text.plist.xml; path = Info.plist; sourceTree = "<group>"; };
		632329C51AB0832900FFF85E /* main.m */ = {isa = PBXFileReference; lastKnownFileType = sourcecode.c.objc; path = main.m; sourceTree = "<group>"; };
		632329C71AB0832900FFF85E /* AppDelegate.h */ = {isa = PBXFileReference; lastKnownFileType = sourcecode.c.h; path = AppDelegate.h; sourceTree = "<group>"; };
		632329C81AB0832900FFF85E /* AppDelegate.m */ = {isa = PBXFileReference; lastKnownFileType = sourcecode.c.objc; path = AppDelegate.m; sourceTree = "<group>"; };
		632329CA1AB0832900FFF85E /* ViewController.h */ = {isa = PBXFileReference; lastKnownFileType = sourcecode.c.h; path = ViewController.h; sourceTree = "<group>"; };
		632329CB1AB0832900FFF85E /* ViewController.m */ = {isa = PBXFileReference; lastKnownFileType = sourcecode.c.objc; path = ViewController.m; sourceTree = "<group>"; };
		632329CE1AB0832900FFF85E /* Base */ = {isa = PBXFileReference; lastKnownFileType = file.storyboard; name = Base; path = Base.lproj/Main.storyboard; sourceTree = "<group>"; };
		632329D01AB0832900FFF85E /* Images.xcassets */ = {isa = PBXFileReference; lastKnownFileType = folder.assetcatalog; path = Images.xcassets; sourceTree = "<group>"; };
		632329D31AB0832900FFF85E /* Base */ = {isa = PBXFileReference; lastKnownFileType = file.xib; name = Base; path = Base.lproj/LaunchScreen.xib; sourceTree = "<group>"; };
		632329D91AB0832900FFF85E /* UMComMutiStyleTextViewDemoTests.xctest */ = {isa = PBXFileReference; explicitFileType = wrapper.cfbundle; includeInIndex = 0; path = UMComMutiStyleTextViewDemoTests.xctest; sourceTree = BUILT_PRODUCTS_DIR; };
		632329DE1AB0832900FFF85E /* Info.plist */ = {isa = PBXFileReference; lastKnownFileType = text.plist.xml; path = Info.plist; sourceTree = "<group>"; };
		632329DF1AB0832900FFF85E /* UMComMutiStyleTextViewDemoTests.m */ = {isa = PBXFileReference; lastKnownFileType = sourcecode.c.objc; path = UMComMutiStyleTextViewDemoTests.m; sourceTree = "<group>"; };
		632329E91AB083D800FFF85E /* UMComMutiStyleTextView.h */ = {isa = PBXFileReference; fileEncoding = 4; lastKnownFileType = sourcecode.c.h; path = UMComMutiStyleTextView.h; sourceTree = "<group>"; };
		632329EA1AB083D800FFF85E /* UMComMutiStyleTextView.m */ = {isa = PBXFileReference; fileEncoding = 4; lastKnownFileType = sourcecode.c.objc; path = UMComMutiStyleTextView.m; sourceTree = "<group>"; };
		637683481AB1310E00FD1F34 /* UMComMutiTextRun.h */ = {isa = PBXFileReference; fileEncoding = 4; lastKnownFileType = sourcecode.c.h; path = UMComMutiTextRun.h; sourceTree = "<group>"; };
		637683491AB1310E00FD1F34 /* UMComMutiTextRun.m */ = {isa = PBXFileReference; fileEncoding = 4; lastKnownFileType = sourcecode.c.objc; path = UMComMutiTextRun.m; sourceTree = "<group>"; };
/* End PBXFileReference section */

/* Begin PBXFrameworksBuildPhase section */
		632329BD1AB0832900FFF85E /* Frameworks */ = {
			isa = PBXFrameworksBuildPhase;
			buildActionMask = 2147483647;
			files = (
			);
			runOnlyForDeploymentPostprocessing = 0;
		};
		632329D61AB0832900FFF85E /* Frameworks */ = {
			isa = PBXFrameworksBuildPhase;
			buildActionMask = 2147483647;
			files = (
			);
			runOnlyForDeploymentPostprocessing = 0;
		};
/* End PBXFrameworksBuildPhase section */

/* Begin PBXGroup section */
		632329B71AB0832900FFF85E = {
			isa = PBXGroup;
			children = (
				632329C21AB0832900FFF85E /* UMComMutiStyleTextViewDemo */,
				632329DC1AB0832900FFF85E /* UMComMutiStyleTextViewDemoTests */,
				632329C11AB0832900FFF85E /* Products */,
			);
			sourceTree = "<group>";
		};
		632329C11AB0832900FFF85E /* Products */ = {
			isa = PBXGroup;
			children = (
				632329C01AB0832900FFF85E /* UMComMutiStyleTextViewDemo.app */,
				632329D91AB0832900FFF85E /* UMComMutiStyleTextViewDemoTests.xctest */,
			);
			name = Products;
			sourceTree = "<group>";
		};
		632329C21AB0832900FFF85E /* UMComMutiStyleTextViewDemo */ = {
			isa = PBXGroup;
			children = (
				632329E91AB083D800FFF85E /* UMComMutiStyleTextView.h */,
				632329EA1AB083D800FFF85E /* UMComMutiStyleTextView.m */,
				637683481AB1310E00FD1F34 /* UMComMutiTextRun.h */,
				637683491AB1310E00FD1F34 /* UMComMutiTextRun.m */,
				632329C71AB0832900FFF85E /* AppDelegate.h */,
				632329C81AB0832900FFF85E /* AppDelegate.m */,
				632329CA1AB0832900FFF85E /* ViewController.h */,
				632329CB1AB0832900FFF85E /* ViewController.m */,
				632329CD1AB0832900FFF85E /* Main.storyboard */,
				632329D01AB0832900FFF85E /* Images.xcassets */,
				632329D21AB0832900FFF85E /* LaunchScreen.xib */,
				632329C31AB0832900FFF85E /* Supporting Files */,
			);
			path = UMComMutiStyleTextViewDemo;
			sourceTree = "<group>";
		};
		632329C31AB0832900FFF85E /* Supporting Files */ = {
			isa = PBXGroup;
			children = (
				632329C41AB0832900FFF85E /* Info.plist */,
				632329C51AB0832900FFF85E /* main.m */,
			);
			name = "Supporting Files";
			sourceTree = "<group>";
		};
		632329DC1AB0832900FFF85E /* UMComMutiStyleTextViewDemoTests */ = {
			isa = PBXGroup;
			children = (
				632329DF1AB0832900FFF85E /* UMComMutiStyleTextViewDemoTests.m */,
				632329DD1AB0832900FFF85E /* Supporting Files */,
			);
			path = UMComMutiStyleTextViewDemoTests;
			sourceTree = "<group>";
		};
		632329DD1AB0832900FFF85E /* Supporting Files */ = {
			isa = PBXGroup;
			children = (
				632329DE1AB0832900FFF85E /* Info.plist */,
			);
			name = "Supporting Files";
			sourceTree = "<group>";
		};
/* End PBXGroup section */

/* Begin PBXNativeTarget section */
		632329BF1AB0832900FFF85E /* UMComMutiStyleTextViewDemo */ = {
			isa = PBXNativeTarget;
			buildConfigurationList = 632329E31AB0832900FFF85E /* Build configuration list for PBXNativeTarget "UMComMutiStyleTextViewDemo" */;
			buildPhases = (
				632329BC1AB0832900FFF85E /* Sources */,
				632329BD1AB0832900FFF85E /* Frameworks */,
				632329BE1AB0832900FFF85E /* Resources */,
			);
			buildRules = (
			);
			dependencies = (
			);
			name = UMComMutiStyleTextViewDemo;
			productName = UMComMutiStyleTextViewDemo;
			productReference = 632329C01AB0832900FFF85E /* UMComMutiStyleTextViewDemo.app */;
			productType = "com.apple.product-type.application";
		};
		632329D81AB0832900FFF85E /* UMComMutiStyleTextViewDemoTests */ = {
			isa = PBXNativeTarget;
			buildConfigurationList = 632329E61AB0832900FFF85E /* Build configuration list for PBXNativeTarget "UMComMutiStyleTextViewDemoTests" */;
			buildPhases = (
				632329D51AB0832900FFF85E /* Sources */,
				632329D61AB0832900FFF85E /* Frameworks */,
				632329D71AB0832900FFF85E /* Resources */,
			);
			buildRules = (
			);
			dependencies = (
				632329DB1AB0832900FFF85E /* PBXTargetDependency */,
			);
			name = UMComMutiStyleTextViewDemoTests;
			productName = UMComMutiStyleTextViewDemoTests;
			productReference = 632329D91AB0832900FFF85E /* UMComMutiStyleTextViewDemoTests.xctest */;
			productType = "com.apple.product-type.bundle.unit-test";
		};
/* End PBXNativeTarget section */

/* Begin PBXProject section */
		632329B81AB0832900FFF85E /* Project object */ = {
			isa = PBXProject;
			attributes = {
				LastUpgradeCheck = 0610;
				ORGANIZATIONNAME = umeng;
				TargetAttributes = {
					632329BF1AB0832900FFF85E = {
						CreatedOnToolsVersion = 6.1.1;
					};
					632329D81AB0832900FFF85E = {
						CreatedOnToolsVersion = 6.1.1;
						TestTargetID = 632329BF1AB0832900FFF85E;
					};
				};
			};
			buildConfigurationList = 632329BB1AB0832900FFF85E /* Build configuration list for PBXProject "UMComMutiStyleTextViewDemo" */;
			compatibilityVersion = "Xcode 3.2";
			developmentRegion = English;
			hasScannedForEncodings = 0;
			knownRegions = (
				en,
				Base,
			);
			mainGroup = 632329B71AB0832900FFF85E;
			productRefGroup = 632329C11AB0832900FFF85E /* Products */;
			projectDirPath = "";
			projectRoot = "";
			targets = (
				632329BF1AB0832900FFF85E /* UMComMutiStyleTextViewDemo */,
				632329D81AB0832900FFF85E /* UMComMutiStyleTextViewDemoTests */,
			);
		};
/* End PBXProject section */

/* Begin PBXResourcesBuildPhase section */
		632329BE1AB0832900FFF85E /* Resources */ = {
			isa = PBXResourcesBuildPhase;
			buildActionMask = 2147483647;
			files = (
				632329CF1AB0832900FFF85E /* Main.storyboard in Resources */,
				632329D41AB0832900FFF85E /* LaunchScreen.xib in Resources */,
				632329D11AB0832900FFF85E /* Images.xcassets in Resources */,
			);
			runOnlyForDeploymentPostprocessing = 0;
		};
		632329D71AB0832900FFF85E /* Resources */ = {
			isa = PBXResourcesBuildPhase;
			buildActionMask = 2147483647;
			files = (
			);
			runOnlyForDeploymentPostprocessing = 0;
		};
/* End PBXResourcesBuildPhase section */

/* Begin PBXSourcesBuildPhase section */
		632329BC1AB0832900FFF85E /* Sources */ = {
			isa = PBXSourcesBuildPhase;
			buildActionMask = 2147483647;
			files = (
				632329EB1AB083D800FFF85E /* UMComMutiStyleTextView.m in Sources */,
				632329CC1AB0832900FFF85E /* ViewController.m in Sources */,
				632329C91AB0832900FFF85E /* AppDelegate.m in Sources */,
				632329C61AB0832900FFF85E /* main.m in Sources */,
				6376834A1AB1310E00FD1F34 /* UMComMutiTextRun.m in Sources */,
			);
			runOnlyForDeploymentPostprocessing = 0;
		};
		632329D51AB0832900FFF85E /* Sources */ = {
			isa = PBXSourcesBuildPhase;
			buildActionMask = 2147483647;
			files = (
				632329E01AB0832900FFF85E /* UMComMutiStyleTextViewDemoTests.m in Sources */,
			);
			runOnlyForDeploymentPostprocessing = 0;
		};
/* End PBXSourcesBuildPhase section */

/* Begin PBXTargetDependency section */
		632329DB1AB0832900FFF85E /* PBXTargetDependency */ = {
			isa = PBXTargetDependency;
			target = 632329BF1AB0832900FFF85E /* UMComMutiStyleTextViewDemo */;
			targetProxy = 632329DA1AB0832900FFF85E /* PBXContainerItemProxy */;
		};
/* End PBXTargetDependency section */

/* Begin PBXVariantGroup section */
		632329CD1AB0832900FFF85E /* Main.storyboard */ = {
			isa = PBXVariantGroup;
			children = (
				632329CE1AB0832900FFF85E /* Base */,
			);
			name = Main.storyboard;
			sourceTree = "<group>";
		};
		632329D21AB0832900FFF85E /* LaunchScreen.xib */ = {
			isa = PBXVariantGroup;
			children = (
				632329D31AB0832900FFF85E /* Base */,
			);
			name = LaunchScreen.xib;
			sourceTree = "<group>";
		};
/* End PBXVariantGroup section */

/* Begin XCBuildConfiguration section */
		632329E11AB0832900FFF85E /* Debug */ = {
			isa = XCBuildConfiguration;
			buildSettings = {
				ALWAYS_SEARCH_USER_PATHS = NO;
				CLANG_CXX_LANGUAGE_STANDARD = "gnu++0x";
				CLANG_CXX_LIBRARY = "libc++";
				CLANG_ENABLE_MODULES = YES;
				CLANG_ENABLE_OBJC_ARC = YES;
				CLANG_WARN_BOOL_CONVERSION = YES;
				CLANG_WARN_CONSTANT_CONVERSION = YES;
				CLANG_WARN_DIRECT_OBJC_ISA_USAGE = YES_ERROR;
				CLANG_WARN_EMPTY_BODY = YES;
				CLANG_WARN_ENUM_CONVERSION = YES;
				CLANG_WARN_INT_CONVERSION = YES;
				CLANG_WARN_OBJC_ROOT_CLASS = YES_ERROR;
				CLANG_WARN_UNREACHABLE_CODE = YES;
				CLANG_WARN__DUPLICATE_METHOD_MATCH = YES;
				"CODE_SIGN_IDENTITY[sdk=iphoneos*]" = "iPhone Developer";
				COPY_PHASE_STRIP = NO;
				ENABLE_STRICT_OBJC_MSGSEND = YES;
				GCC_C_LANGUAGE_STANDARD = gnu99;
				GCC_DYNAMIC_NO_PIC = NO;
				GCC_OPTIMIZATION_LEVEL = 0;
				GCC_PREPROCESSOR_DEFINITIONS = (
					"DEBUG=1",
					"$(inherited)",
				);
				GCC_SYMBOLS_PRIVATE_EXTERN = NO;
				GCC_WARN_64_TO_32_BIT_CONVERSION = YES;
				GCC_WARN_ABOUT_RETURN_TYPE = YES_ERROR;
				GCC_WARN_UNDECLARED_SELECTOR = YES;
				GCC_WARN_UNINITIALIZED_AUTOS = YES_AGGRESSIVE;
				GCC_WARN_UNUSED_FUNCTION = YES;
				GCC_WARN_UNUSED_VARIABLE = YES;
				IPHONEOS_DEPLOYMENT_TARGET = 8.1;
				MTL_ENABLE_DEBUG_INFO = YES;
				ONLY_ACTIVE_ARCH = YES;
				SDKROOT = iphoneos;
				TARGETED_DEVICE_FAMILY = "1,2";
			};
			name = Debug;
		};
		632329E21AB0832900FFF85E /* Release */ = {
			isa = XCBuildConfiguration;
			buildSettings = {
				ALWAYS_SEARCH_USER_PATHS = NO;
				CLANG_CXX_LANGUAGE_STANDARD = "gnu++0x";
				CLANG_CXX_LIBRARY = "libc++";
				CLANG_ENABLE_MODULES = YES;
				CLANG_ENABLE_OBJC_ARC = YES;
				CLANG_WARN_BOOL_CONVERSION = YES;
				CLANG_WARN_CONSTANT_CONVERSION = YES;
				CLANG_WARN_DIRECT_OBJC_ISA_USAGE = YES_ERROR;
				CLANG_WARN_EMPTY_BODY = YES;
				CLANG_WARN_ENUM_CONVERSION = YES;
				CLANG_WARN_INT_CONVERSION = YES;
				CLANG_WARN_OBJC_ROOT_CLASS = YES_ERROR;
				CLANG_WARN_UNREACHABLE_CODE = YES;
				CLANG_WARN__DUPLICATE_METHOD_MATCH = YES;
				"CODE_SIGN_IDENTITY[sdk=iphoneos*]" = "iPhone Developer";
				COPY_PHASE_STRIP = YES;
				ENABLE_NS_ASSERTIONS = NO;
				ENABLE_STRICT_OBJC_MSGSEND = YES;
				GCC_C_LANGUAGE_STANDARD = gnu99;
				GCC_WARN_64_TO_32_BIT_CONVERSION = YES;
				GCC_WARN_ABOUT_RETURN_TYPE = YES_ERROR;
				GCC_WARN_UNDECLARED_SELECTOR = YES;
				GCC_WARN_UNINITIALIZED_AUTOS = YES_AGGRESSIVE;
				GCC_WARN_UNUSED_FUNCTION = YES;
				GCC_WARN_UNUSED_VARIABLE = YES;
				IPHONEOS_DEPLOYMENT_TARGET = 8.1;
				MTL_ENABLE_DEBUG_INFO = NO;
				SDKROOT = iphoneos;
				TARGETED_DEVICE_FAMILY = "1,2";
				VALIDATE_PRODUCT = YES;
			};
			name = Release;
		};
		632329E41AB0832900FFF85E /* Debug */ = {
			isa = XCBuildConfiguration;
			buildSettings = {
				ASSETCATALOG_COMPILER_APPICON_NAME = AppIcon;
				INFOPLIST_FILE = UMComMutiStyleTextViewDemo/Info.plist;
				LD_RUNPATH_SEARCH_PATHS = "$(inherited) @executable_path/Frameworks";
				PRODUCT_NAME = "$(TARGET_NAME)";
			};
			name = Debug;
		};
		632329E51AB0832900FFF85E /* Release */ = {
			isa = XCBuildConfiguration;
			buildSettings = {
				ASSETCATALOG_COMPILER_APPICON_NAME = AppIcon;
				INFOPLIST_FILE = UMComMutiStyleTextViewDemo/Info.plist;
				LD_RUNPATH_SEARCH_PATHS = "$(inherited) @executable_path/Frameworks";
				PRODUCT_NAME = "$(TARGET_NAME)";
			};
			name = Release;
		};
		632329E71AB0832900FFF85E /* Debug */ = {
			isa = XCBuildConfiguration;
			buildSettings = {
				BUNDLE_LOADER = "$(TEST_HOST)";
				FRAMEWORK_SEARCH_PATHS = (
					"$(SDKROOT)/Developer/Library/Frameworks",
					"$(inherited)",
				);
				GCC_PREPROCESSOR_DEFINITIONS = (
					"DEBUG=1",
					"$(inherited)",
				);
				INFOPLIST_FILE = UMComMutiStyleTextViewDemoTests/Info.plist;
				LD_RUNPATH_SEARCH_PATHS = "$(inherited) @executable_path/Frameworks @loader_path/Frameworks";
				PRODUCT_NAME = "$(TARGET_NAME)";
				TEST_HOST = "$(BUILT_PRODUCTS_DIR)/UMComMutiStyleTextViewDemo.app/UMComMutiStyleTextViewDemo";
			};
			name = Debug;
		};
		632329E81AB0832900FFF85E /* Release */ = {
			isa = XCBuildConfiguration;
			buildSettings = {
				BUNDLE_LOADER = "$(TEST_HOST)";
				FRAMEWORK_SEARCH_PATHS = (
					"$(SDKROOT)/Developer/Library/Frameworks",
					"$(inherited)",
				);
				INFOPLIST_FILE = UMComMutiStyleTextViewDemoTests/Info.plist;
				LD_RUNPATH_SEARCH_PATHS = "$(inherited) @executable_path/Frameworks @loader_path/Frameworks";
				PRODUCT_NAME = "$(TARGET_NAME)";
				TEST_HOST = "$(BUILT_PRODUCTS_DIR)/UMComMutiStyleTextViewDemo.app/UMComMutiStyleTextViewDemo";
			};
			name = Release;
		};
/* End XCBuildConfiguration section */

/* Begin XCConfigurationList section */
		632329BB1AB0832900FFF85E /* Build configuration list for PBXProject "UMComMutiStyleTextViewDemo" */ = {
			isa = XCConfigurationList;
			buildConfigurations = (
				632329E11AB0832900FFF85E /* Debug */,
				632329E21AB0832900FFF85E /* Release */,
			);
			defaultConfigurationIsVisible = 0;
			defaultConfigurationName = Release;
		};
		632329E31AB0832900FFF85E /* Build configuration list for PBXNativeTarget "UMComMutiStyleTextViewDemo" */ = {
			isa = XCConfigurationList;
			buildConfigurations = (
				632329E41AB0832900FFF85E /* Debug */,
				632329E51AB0832900FFF85E /* Release */,
			);
			defaultConfigurationIsVisible = 0;
			defaultConfigurationName = Release;
		};
		632329E61AB0832900FFF85E /* Build configuration list for PBXNativeTarget "UMComMutiStyleTextViewDemoTests" */ = {
			isa = XCConfigurationList;
			buildConfigurations = (
				632329E71AB0832900FFF85E /* Debug */,
				632329E81AB0832900FFF85E /* Release */,
			);
			defaultConfigurationIsVisible = 0;
			defaultConfigurationName = Release;
		};
/* End XCConfigurationList section */
	};
	rootObject = 632329B81AB0832900FFF85E /* Project object */;
}
